
Microsoft Visual Studio Solution File, Format Version 12.00
# Visual Studio Version 17
VisualStudioVersion = 17.12.35209.166
MinimumVisualStudioVersion = 10.0.40219.1
Project("{FAE04EC0-301F-11D3-BF4B-00C04F79EFBC}") = "Portfolio", "Portfolio\Portfolio.csproj", "{D774D22B-181C-4C55-93D4-87C1EF7C66B5}"
EndProject
Global
	GlobalSection(SolutionConfigurationPlatforms) = preSolution
		Debug|Any CPU = Debug|Any CPU
		Release|Any CPU = Release|Any CPU
	EndGlobalSection
	GlobalSection(ProjectConfigurationPlatforms) = postSolution
		{D774D22B-181C-4C55-93D4-87C1EF7C66B5}.Debug|Any CPU.ActiveCfg = Debug|Any CPU
		{D774D22B-181C-4C55-93D4-87C1EF7C66B5}.Debug|Any CPU.Build.0 = Debug|Any CPU
		{D774D22B-181C-4C55-93D4-87C1EF7C66B5}.Release|Any CPU.ActiveCfg = Release|Any CPU
		{D774D22B-181C-4C55-93D4-87C1EF7C66B5}.Release|Any CPU.Build.0 = Release|Any CPU
	EndGlobalSection
	GlobalSection(SolutionProperties) = preSolution
		HideSolutionNode = FALSE
	EndGlobalSection
	GlobalSection(ExtensibilityGlobals) = postSolution
		SolutionGuid = {8A809B12-FBD5-4076-9DF0-39E7D8DB75E2}
	EndGlobalSection
EndGlobal
